// !$*UTF8*$!
{
	archiveVersion = 1;
	classes = {
	};
	objectVersion = 50;
	objects = {

/* Begin PBXBuildFile section */
		084789332239D45600739960 /* AppDelegate.swift in Sources */ = {isa = PBXBuildFile; fileRef = 084789322239D45600739960 /* AppDelegate.swift */; };
		084789352239D45600739960 /* ViewController.swift in Sources */ = {isa = PBXBuildFile; fileRef = 084789342239D45600739960 /* ViewController.swift */; };
		084789382239D45600739960 /* Main.storyboard in Resources */ = {isa = PBXBuildFile; fileRef = 084789362239D45600739960 /* Main.storyboard */; };
		0847893A2239D45700739960 /* Assets.xcassets in Resources */ = {isa = PBXBuildFile; fileRef = 084789392239D45700739960 /* Assets.xcassets */; };
		0847893D2239D45700739960 /* LaunchScreen.storyboard in Resources */ = {isa = PBXBuildFile; fileRef = 0847893B2239D45700739960 /* LaunchScreen.storyboard */; };
		084789532239D45700739960 /* TracerUITests.swift in Sources */ = {isa = PBXBuildFile; fileRef = 084789522239D45700739960 /* TracerUITests.swift */; };
		9E2BDC5369E695D7DB89C3F7 /* Pods_Tracer.framework in Frameworks */ = {isa = PBXBuildFile; fileRef = B5D656179C49F7401D158974 /* Pods_Tracer.framework */; };
		AE5B72F7D47644FA0BC3BCDF /* Pods_TracerDemoUITests.framework in Frameworks */ = {isa = PBXBuildFile; fileRef = 4131061A1DC3B9EF23C48733 /* Pods_TracerDemoUITests.framework */; };
		CDA71917BE73A337E747293A /* Pods_TracerUITests.framework in Frameworks */ = {isa = PBXBuildFile; fileRef = EFA867B5B82AE462873E30CE /* Pods_TracerUITests.framework */; };
		FC4E6F20ACF8E90FE967FB5D /* Pods_TracerDemo.framework in Frameworks */ = {isa = PBXBuildFile; fileRef = D1DF0859F29563EF0B0F8497 /* Pods_TracerDemo.framework */; };
/* End PBXBuildFile section */

/* Begin PBXContainerItemProxy section */
		0847894F2239D45700739960 /* PBXContainerItemProxy */ = {
			isa = PBXContainerItemProxy;
			containerPortal = 084789272239D45500739960 /* Project object */;
			proxyType = 1;
			remoteGlobalIDString = 0847892E2239D45500739960;
			remoteInfo = Tracer;
		};
/* End PBXContainerItemProxy section */

/* Begin PBXFileReference section */
		0847892F2239D45500739960 /* TracerDemo.app */ = {isa = PBXFileReference; explicitFileType = wrapper.application; includeInIndex = 0; path = TracerDemo.app; sourceTree = BUILT_PRODUCTS_DIR; };
		084789322239D45600739960 /* AppDelegate.swift */ = {isa = PBXFileReference; lastKnownFileType = sourcecode.swift; path = AppDelegate.swift; sourceTree = "<group>"; };
		084789342239D45600739960 /* ViewController.swift */ = {isa = PBXFileReference; lastKnownFileType = sourcecode.swift; path = ViewController.swift; sourceTree = "<group>"; };
		084789372239D45600739960 /* Base */ = {isa = PBXFileReference; lastKnownFileType = file.storyboard; name = Base; path = Base.lproj/Main.storyboard; sourceTree = "<group>"; };
		084789392239D45700739960 /* Assets.xcassets */ = {isa = PBXFileReference; lastKnownFileType = folder.assetcatalog; path = Assets.xcassets; sourceTree = "<group>"; };
		0847893C2239D45700739960 /* Base */ = {isa = PBXFileReference; lastKnownFileType = file.storyboard; name = Base; path = Base.lproj/LaunchScreen.storyboard; sourceTree = "<group>"; };
		0847893E2239D45700739960 /* Info.plist */ = {isa = PBXFileReference; lastKnownFileType = text.plist.xml; path = Info.plist; sourceTree = "<group>"; };
		0847894E2239D45700739960 /* TracerDemoUITests.xctest */ = {isa = PBXFileReference; explicitFileType = wrapper.cfbundle; includeInIndex = 0; path = TracerDemoUITests.xctest; sourceTree = BUILT_PRODUCTS_DIR; };
		084789522239D45700739960 /* TracerUITests.swift */ = {isa = PBXFileReference; lastKnownFileType = sourcecode.swift; path = TracerUITests.swift; sourceTree = "<group>"; };
		084789542239D45700739960 /* Info.plist */ = {isa = PBXFileReference; lastKnownFileType = text.plist.xml; path = Info.plist; sourceTree = "<group>"; };
		084D718E7C7F41B52DE72155 /* Pods-Tracer.debug.xcconfig */ = {isa = PBXFileReference; includeInIndex = 1; lastKnownFileType = text.xcconfig; name = "Pods-Tracer.debug.xcconfig"; path = "Pods/Target Support Files/Pods-Tracer/Pods-Tracer.debug.xcconfig"; sourceTree = "<group>"; };
		156DEB7F8DC102B31C665C09 /* Pods-TracerDemoUITests.release.xcconfig */ = {isa = PBXFileReference; includeInIndex = 1; lastKnownFileType = text.xcconfig; name = "Pods-TracerDemoUITests.release.xcconfig"; path = "Pods/Target Support Files/Pods-TracerDemoUITests/Pods-TracerDemoUITests.release.xcconfig"; sourceTree = "<group>"; };
		1A3CD0BF059465E6B849B5A0 /* Pods-TracerDemo.debug.xcconfig */ = {isa = PBXFileReference; includeInIndex = 1; lastKnownFileType = text.xcconfig; name = "Pods-TracerDemo.debug.xcconfig"; path = "Pods/Target Support Files/Pods-TracerDemo/Pods-TracerDemo.debug.xcconfig"; sourceTree = "<group>"; };
		4131061A1DC3B9EF23C48733 /* Pods_TracerDemoUITests.framework */ = {isa = PBXFileReference; explicitFileType = wrapper.framework; includeInIndex = 0; path = Pods_TracerDemoUITests.framework; sourceTree = BUILT_PRODUCTS_DIR; };
		4BF7F2976B82053A7961D0F9 /* Pods-TracerTests.release.xcconfig */ = {isa = PBXFileReference; includeInIndex = 1; lastKnownFileType = text.xcconfig; name = "Pods-TracerTests.release.xcconfig"; path = "Pods/Target Support Files/Pods-TracerTests/Pods-TracerTests.release.xcconfig"; sourceTree = "<group>"; };
		52595B9290A7ED5DACA2D46A /* Pods-TracerTests.debug.xcconfig */ = {isa = PBXFileReference; includeInIndex = 1; lastKnownFileType = text.xcconfig; name = "Pods-TracerTests.debug.xcconfig"; path = "Pods/Target Support Files/Pods-TracerTests/Pods-TracerTests.debug.xcconfig"; sourceTree = "<group>"; };
		68F64A00A0F836BC01B38065 /* Pods-TracerUITests.debug.xcconfig */ = {isa = PBXFileReference; includeInIndex = 1; lastKnownFileType = text.xcconfig; name = "Pods-TracerUITests.debug.xcconfig"; path = "Pods/Target Support Files/Pods-TracerUITests/Pods-TracerUITests.debug.xcconfig"; sourceTree = "<group>"; };
		73B6E5E9A737E7C102C5C0F0 /* Pods-TracerUITests.release.xcconfig */ = {isa = PBXFileReference; includeInIndex = 1; lastKnownFileType = text.xcconfig; name = "Pods-TracerUITests.release.xcconfig"; path = "Pods/Target Support Files/Pods-TracerUITests/Pods-TracerUITests.release.xcconfig"; sourceTree = "<group>"; };
		9D9491845B487698D0B3ED82 /* Pods-TracerDemoUITests.debug.xcconfig */ = {isa = PBXFileReference; includeInIndex = 1; lastKnownFileType = text.xcconfig; name = "Pods-TracerDemoUITests.debug.xcconfig"; path = "Pods/Target Support Files/Pods-TracerDemoUITests/Pods-TracerDemoUITests.debug.xcconfig"; sourceTree = "<group>"; };
		B46867CA9AE43BBCD15975E6 /* Pods-TracerDemo.release.xcconfig */ = {isa = PBXFileReference; includeInIndex = 1; lastKnownFileType = text.xcconfig; name = "Pods-TracerDemo.release.xcconfig"; path = "Pods/Target Support Files/Pods-TracerDemo/Pods-TracerDemo.release.xcconfig"; sourceTree = "<group>"; };
		B5D656179C49F7401D158974 /* Pods_Tracer.framework */ = {isa = PBXFileReference; explicitFileType = wrapper.framework; includeInIndex = 0; path = Pods_Tracer.framework; sourceTree = BUILT_PRODUCTS_DIR; };
		B5DFDBCF5A937CC13E29BC13 /* Pods-Tracer.release.xcconfig */ = {isa = PBXFileReference; includeInIndex = 1; lastKnownFileType = text.xcconfig; name = "Pods-Tracer.release.xcconfig"; path = "Pods/Target Support Files/Pods-Tracer/Pods-Tracer.release.xcconfig"; sourceTree = "<group>"; };
		D1DF0859F29563EF0B0F8497 /* Pods_TracerDemo.framework */ = {isa = PBXFileReference; explicitFileType = wrapper.framework; includeInIndex = 0; path = Pods_TracerDemo.framework; sourceTree = BUILT_PRODUCTS_DIR; };
		E652D7070A7B92DF20A8481A /* Pods_TracerTests.framework */ = {isa = PBXFileReference; explicitFileType = wrapper.framework; includeInIndex = 0; path = Pods_TracerTests.framework; sourceTree = BUILT_PRODUCTS_DIR; };
		EFA867B5B82AE462873E30CE /* Pods_TracerUITests.framework */ = {isa = PBXFileReference; explicitFileType = wrapper.framework; includeInIndex = 0; path = Pods_TracerUITests.framework; sourceTree = BUILT_PRODUCTS_DIR; };
/* End PBXFileReference section */

/* Begin PBXFrameworksBuildPhase section */
		0847892C2239D45500739960 /* Frameworks */ = {
			isa = PBXFrameworksBuildPhase;
			buildActionMask = 2147483647;
			files = (
				9E2BDC5369E695D7DB89C3F7 /* Pods_Tracer.framework in Frameworks */,
				FC4E6F20ACF8E90FE967FB5D /* Pods_TracerDemo.framework in Frameworks */,
			);
			runOnlyForDeploymentPostprocessing = 0;
		};
		0847894B2239D45700739960 /* Frameworks */ = {
			isa = PBXFrameworksBuildPhase;
			buildActionMask = 2147483647;
			files = (
				CDA71917BE73A337E747293A /* Pods_TracerUITests.framework in Frameworks */,
				AE5B72F7D47644FA0BC3BCDF /* Pods_TracerDemoUITests.framework in Frameworks */,
			);
			runOnlyForDeploymentPostprocessing = 0;
		};
/* End PBXFrameworksBuildPhase section */

/* Begin PBXGroup section */
		084789262239D45500739960 = {
			isa = PBXGroup;
			children = (
				084789312239D45500739960 /* TracerDemo */,
				084789512239D45700739960 /* TracerDemoUITests */,
				084789302239D45500739960 /* Products */,
				84BC45F51D6A0F874285073A /* Pods */,
				4868755B9B9FB4CA9618CDBA /* Frameworks */,
			);
			sourceTree = "<group>";
		};
		084789302239D45500739960 /* Products */ = {
			isa = PBXGroup;
			children = (
				0847892F2239D45500739960 /* TracerDemo.app */,
				0847894E2239D45700739960 /* TracerDemoUITests.xctest */,
			);
			name = Products;
			sourceTree = "<group>";
		};
		084789312239D45500739960 /* TracerDemo */ = {
			isa = PBXGroup;
			children = (
				084789322239D45600739960 /* AppDelegate.swift */,
				084789342239D45600739960 /* ViewController.swift */,
				084789362239D45600739960 /* Main.storyboard */,
				084789392239D45700739960 /* Assets.xcassets */,
				0847893B2239D45700739960 /* LaunchScreen.storyboard */,
				0847893E2239D45700739960 /* Info.plist */,
			);
			path = TracerDemo;
			sourceTree = "<group>";
		};
		084789512239D45700739960 /* TracerDemoUITests */ = {
			isa = PBXGroup;
			children = (
				084789522239D45700739960 /* TracerUITests.swift */,
				084789542239D45700739960 /* Info.plist */,
			);
			path = TracerDemoUITests;
			sourceTree = "<group>";
		};
		4868755B9B9FB4CA9618CDBA /* Frameworks */ = {
			isa = PBXGroup;
			children = (
				B5D656179C49F7401D158974 /* Pods_Tracer.framework */,
				E652D7070A7B92DF20A8481A /* Pods_TracerTests.framework */,
				EFA867B5B82AE462873E30CE /* Pods_TracerUITests.framework */,
				D1DF0859F29563EF0B0F8497 /* Pods_TracerDemo.framework */,
				4131061A1DC3B9EF23C48733 /* Pods_TracerDemoUITests.framework */,
			);
			name = Frameworks;
			sourceTree = "<group>";
		};
		84BC45F51D6A0F874285073A /* Pods */ = {
			isa = PBXGroup;
			children = (
				084D718E7C7F41B52DE72155 /* Pods-Tracer.debug.xcconfig */,
				B5DFDBCF5A937CC13E29BC13 /* Pods-Tracer.release.xcconfig */,
				52595B9290A7ED5DACA2D46A /* Pods-TracerTests.debug.xcconfig */,
				4BF7F2976B82053A7961D0F9 /* Pods-TracerTests.release.xcconfig */,
				68F64A00A0F836BC01B38065 /* Pods-TracerUITests.debug.xcconfig */,
				73B6E5E9A737E7C102C5C0F0 /* Pods-TracerUITests.release.xcconfig */,
				1A3CD0BF059465E6B849B5A0 /* Pods-TracerDemo.debug.xcconfig */,
				B46867CA9AE43BBCD15975E6 /* Pods-TracerDemo.release.xcconfig */,
				9D9491845B487698D0B3ED82 /* Pods-TracerDemoUITests.debug.xcconfig */,
				156DEB7F8DC102B31C665C09 /* Pods-TracerDemoUITests.release.xcconfig */,
			);
			name = Pods;
			sourceTree = "<group>";
		};
/* End PBXGroup section */

/* Begin PBXNativeTarget section */
		0847892E2239D45500739960 /* TracerDemo */ = {
			isa = PBXNativeTarget;
			buildConfigurationList = 084789572239D45700739960 /* Build configuration list for PBXNativeTarget "TracerDemo" */;
			buildPhases = (
				93561403B57EE7C70BB79C4E /* [CP] Check Pods Manifest.lock */,
				0847892B2239D45500739960 /* Sources */,
				0847892C2239D45500739960 /* Frameworks */,
				0847892D2239D45500739960 /* Resources */,
				75224651419438D99FFC5937 /* [CP] Embed Pods Frameworks */,
			);
			buildRules = (
			);
			dependencies = (
			);
			name = TracerDemo;
			productName = Tracer;
			productReference = 0847892F2239D45500739960 /* TracerDemo.app */;
			productType = "com.apple.product-type.application";
		};
		0847894D2239D45700739960 /* TracerDemoUITests */ = {
			isa = PBXNativeTarget;
			buildConfigurationList = 0847895D2239D45700739960 /* Build configuration list for PBXNativeTarget "TracerDemoUITests" */;
			buildPhases = (
				D1A8069D9E82196CBC16E544 /* [CP] Check Pods Manifest.lock */,
				0847894A2239D45700739960 /* Sources */,
				0847894B2239D45700739960 /* Frameworks */,
				0847894C2239D45700739960 /* Resources */,
			);
			buildRules = (
			);
			dependencies = (
				084789502239D45700739960 /* PBXTargetDependency */,
			);
			name = TracerDemoUITests;
			productName = TracerUITests;
			productReference = 0847894E2239D45700739960 /* TracerDemoUITests.xctest */;
			productType = "com.apple.product-type.bundle.ui-testing";
		};
/* End PBXNativeTarget section */

/* Begin PBXProject section */
		084789272239D45500739960 /* Project object */ = {
			isa = PBXProject;
			attributes = {
				LastSwiftUpdateCheck = 1010;
				LastUpgradeCheck = 1010;
				ORGANIZATIONNAME = "Ly, Jamie";
				TargetAttributes = {
					0847892E2239D45500739960 = {
						CreatedOnToolsVersion = 10.1;
					};
					0847894D2239D45700739960 = {
						CreatedOnToolsVersion = 10.1;
						TestTargetID = 0847892E2239D45500739960;
					};
				};
			};
			buildConfigurationList = 0847892A2239D45500739960 /* Build configuration list for PBXProject "TracerDemo" */;
			compatibilityVersion = "Xcode 9.3";
			developmentRegion = en;
			hasScannedForEncodings = 0;
			knownRegions = (
				en,
				Base,
			);
			mainGroup = 084789262239D45500739960;
			productRefGroup = 084789302239D45500739960 /* Products */;
			projectDirPath = "";
			projectRoot = "";
			targets = (
				0847892E2239D45500739960 /* TracerDemo */,
				0847894D2239D45700739960 /* TracerDemoUITests */,
			);
		};
/* End PBXProject section */

/* Begin PBXResourcesBuildPhase section */
		0847892D2239D45500739960 /* Resources */ = {
			isa = PBXResourcesBuildPhase;
			buildActionMask = 2147483647;
			files = (
				0847893D2239D45700739960 /* LaunchScreen.storyboard in Resources */,
				0847893A2239D45700739960 /* Assets.xcassets in Resources */,
				084789382239D45600739960 /* Main.storyboard in Resources */,
			);
			runOnlyForDeploymentPostprocessing = 0;
		};
		0847894C2239D45700739960 /* Resources */ = {
			isa = PBXResourcesBuildPhase;
			buildActionMask = 2147483647;
			files = (
			);
			runOnlyForDeploymentPostprocessing = 0;
		};
/* End PBXResourcesBuildPhase section */

/* Begin PBXShellScriptBuildPhase section */
		75224651419438D99FFC5937 /* [CP] Embed Pods Frameworks */ = {
			isa = PBXShellScriptBuildPhase;
			buildActionMask = 2147483647;
			files = (
			);
			inputFileListPaths = (
			);
			inputPaths = (
				"${SRCROOT}/Pods/Target Support Files/Pods-TracerDemo/Pods-TracerDemo-frameworks.sh",
				"${BUILT_PRODUCTS_DIR}/Tracer/Tracer.framework",
			);
			name = "[CP] Embed Pods Frameworks";
			outputFileListPaths = (
			);
			outputPaths = (
				"${TARGET_BUILD_DIR}/${FRAMEWORKS_FOLDER_PATH}/Tracer.framework",
			);
			runOnlyForDeploymentPostprocessing = 0;
			shellPath = /bin/sh;
			shellScript = "\"${SRCROOT}/Pods/Target Support Files/Pods-TracerDemo/Pods-TracerDemo-frameworks.sh\"\n";
			showEnvVarsInLog = 0;
		};
		93561403B57EE7C70BB79C4E /* [CP] Check Pods Manifest.lock */ = {
			isa = PBXShellScriptBuildPhase;
			buildActionMask = 2147483647;
			files = (
			);
			inputFileListPaths = (
			);
			inputPaths = (
				"${PODS_PODFILE_DIR_PATH}/Podfile.lock",
				"${PODS_ROOT}/Manifest.lock",
			);
			name = "[CP] Check Pods Manifest.lock";
			outputFileListPaths = (
			);
			outputPaths = (
				"$(DERIVED_FILE_DIR)/Pods-TracerDemo-checkManifestLockResult.txt",
			);
			runOnlyForDeploymentPostprocessing = 0;
			shellPath = /bin/sh;
			shellScript = "diff \"${PODS_PODFILE_DIR_PATH}/Podfile.lock\" \"${PODS_ROOT}/Manifest.lock\" > /dev/null\nif [ $? != 0 ] ; then\n    # print error to STDERR\n    echo \"error: The sandbox is not in sync with the Podfile.lock. Run 'pod install' or update your CocoaPods installation.\" >&2\n    exit 1\nfi\n# This output is used by Xcode 'outputs' to avoid re-running this script phase.\necho \"SUCCESS\" > \"${SCRIPT_OUTPUT_FILE_0}\"\n";
			showEnvVarsInLog = 0;
		};
		D1A8069D9E82196CBC16E544 /* [CP] Check Pods Manifest.lock */ = {
			isa = PBXShellScriptBuildPhase;
			buildActionMask = 2147483647;
			files = (
			);
			inputFileListPaths = (
			);
			inputPaths = (
				"${PODS_PODFILE_DIR_PATH}/Podfile.lock",
				"${PODS_ROOT}/Manifest.lock",
			);
			name = "[CP] Check Pods Manifest.lock";
			outputFileListPaths = (
			);
			outputPaths = (
				"$(DERIVED_FILE_DIR)/Pods-TracerDemoUITests-checkManifestLockResult.txt",
			);
			runOnlyForDeploymentPostprocessing = 0;
			shellPath = /bin/sh;
			shellScript = "diff \"${PODS_PODFILE_DIR_PATH}/Podfile.lock\" \"${PODS_ROOT}/Manifest.lock\" > /dev/null\nif [ $? != 0 ] ; then\n    # print error to STDERR\n    echo \"error: The sandbox is not in sync with the Podfile.lock. Run 'pod install' or update your CocoaPods installation.\" >&2\n    exit 1\nfi\n# This output is used by Xcode 'outputs' to avoid re-running this script phase.\necho \"SUCCESS\" > \"${SCRIPT_OUTPUT_FILE_0}\"\n";
			showEnvVarsInLog = 0;
		};
/* End PBXShellScriptBuildPhase section */

/* Begin PBXSourcesBuildPhase section */
		0847892B2239D45500739960 /* Sources */ = {
			isa = PBXSourcesBuildPhase;
			buildActionMask = 2147483647;
			files = (
				084789352239D45600739960 /* ViewController.swift in Sources */,
				084789332239D45600739960 /* AppDelegate.swift in Sources */,
			);
			runOnlyForDeploymentPostprocessing = 0;
		};
		0847894A2239D45700739960 /* Sources */ = {
			isa = PBXSourcesBuildPhase;
			buildActionMask = 2147483647;
			files = (
				084789532239D45700739960 /* TracerUITests.swift in Sources */,
			);
			runOnlyForDeploymentPostprocessing = 0;
		};
/* End PBXSourcesBuildPhase section */

/* Begin PBXTargetDependency section */
		084789502239D45700739960 /* PBXTargetDependency */ = {
			isa = PBXTargetDependency;
			target = 0847892E2239D45500739960 /* TracerDemo */;
			targetProxy = 0847894F2239D45700739960 /* PBXContainerItemProxy */;
		};
/* End PBXTargetDependency section */

/* Begin PBXVariantGroup section */
		084789362239D45600739960 /* Main.storyboard */ = {
			isa = PBXVariantGroup;
			children = (
				084789372239D45600739960 /* Base */,
			);
			name = Main.storyboard;
			sourceTree = "<group>";
		};
		0847893B2239D45700739960 /* LaunchScreen.storyboard */ = {
			isa = PBXVariantGroup;
			children = (
				0847893C2239D45700739960 /* Base */,
			);
			name = LaunchScreen.storyboard;
			sourceTree = "<group>";
		};
/* End PBXVariantGroup section */

/* Begin XCBuildConfiguration section */
		084789552239D45700739960 /* Debug */ = {
			isa = XCBuildConfiguration;
			buildSettings = {
				ALWAYS_SEARCH_USER_PATHS = NO;
				CLANG_ANALYZER_NONNULL = YES;
				CLANG_ANALYZER_NUMBER_OBJECT_CONVERSION = YES_AGGRESSIVE;
				CLANG_CXX_LANGUAGE_STANDARD = "gnu++14";
				CLANG_CXX_LIBRARY = "libc++";
				CLANG_ENABLE_MODULES = YES;
				CLANG_ENABLE_OBJC_ARC = YES;
				CLANG_ENABLE_OBJC_WEAK = YES;
				CLANG_WARN_BLOCK_CAPTURE_AUTORELEASING = YES;
				CLANG_WARN_BOOL_CONVERSION = YES;
				CLANG_WARN_COMMA = YES;
				CLANG_WARN_CONSTANT_CONVERSION = YES;
				CLANG_WARN_DEPRECATED_OBJC_IMPLEMENTATIONS = YES;
				CLANG_WARN_DIRECT_OBJC_ISA_USAGE = YES_ERROR;
				CLANG_WARN_DOCUMENTATION_COMMENTS = YES;
				CLANG_WARN_EMPTY_BODY = YES;
				CLANG_WARN_ENUM_CONVERSION = YES;
				CLANG_WARN_INFINITE_RECURSION = YES;
				CLANG_WARN_INT_CONVERSION = YES;
				CLANG_WARN_NON_LITERAL_NULL_CONVERSION = YES;
				CLANG_WARN_OBJC_IMPLICIT_RETAIN_SELF = YES;
				CLANG_WARN_OBJC_LITERAL_CONVERSION = YES;
				CLANG_WARN_OBJC_ROOT_CLASS = YES_ERROR;
				CLANG_WARN_RANGE_LOOP_ANALYSIS = YES;
				CLANG_WARN_STRICT_PROTOTYPES = YES;
				CLANG_WARN_SUSPICIOUS_MOVE = YES;
				CLANG_WARN_UNGUARDED_AVAILABILITY = YES_AGGRESSIVE;
				CLANG_WARN_UNREACHABLE_CODE = YES;
				CLANG_WARN__DUPLICATE_METHOD_MATCH = YES;
				CODE_SIGN_IDENTITY = "iPhone Developer";
				COPY_PHASE_STRIP = NO;
				DEBUG_INFORMATION_FORMAT = dwarf;
				ENABLE_STRICT_OBJC_MSGSEND = YES;
				ENABLE_TESTABILITY = YES;
				GCC_C_LANGUAGE_STANDARD = gnu11;
				GCC_DYNAMIC_NO_PIC = NO;
				GCC_NO_COMMON_BLOCKS = YES;
				GCC_OPTIMIZATION_LEVEL = 0;
				GCC_PREPROCESSOR_DEFINITIONS = (
					"DEBUG=1",
					"$(inherited)",
				);
				GCC_WARN_64_TO_32_BIT_CONVERSION = YES;
				GCC_WARN_ABOUT_RETURN_TYPE = YES_ERROR;
				GCC_WARN_UNDECLARED_SELECTOR = YES;
				GCC_WARN_UNINITIALIZED_AUTOS = YES_AGGRESSIVE;
				GCC_WARN_UNUSED_FUNCTION = YES;
				GCC_WARN_UNUSED_VARIABLE = YES;
				IPHONEOS_DEPLOYMENT_TARGET = 12.1;
				MTL_ENABLE_DEBUG_INFO = INCLUDE_SOURCE;
				MTL_FAST_MATH = YES;
				ONLY_ACTIVE_ARCH = YES;
				SDKROOT = iphoneos;
				SWIFT_ACTIVE_COMPILATION_CONDITIONS = DEBUG;
				SWIFT_OPTIMIZATION_LEVEL = "-Onone";
			};
			name = Debug;
		};
		084789562239D45700739960 /* Release */ = {
			isa = XCBuildConfiguration;
			buildSettings = {
				ALWAYS_SEARCH_USER_PATHS = NO;
				CLANG_ANALYZER_NONNULL = YES;
				CLANG_ANALYZER_NUMBER_OBJECT_CONVERSION = YES_AGGRESSIVE;
				CLANG_CXX_LANGUAGE_STANDARD = "gnu++14";
				CLANG_CXX_LIBRARY = "libc++";
				CLANG_ENABLE_MODULES = YES;
				CLANG_ENABLE_OBJC_ARC = YES;
				CLANG_ENABLE_OBJC_WEAK = YES;
				CLANG_WARN_BLOCK_CAPTURE_AUTORELEASING = YES;
				CLANG_WARN_BOOL_CONVERSION = YES;
				CLANG_WARN_COMMA = YES;
				CLANG_WARN_CONSTANT_CONVERSION = YES;
				CLANG_WARN_DEPRECATED_OBJC_IMPLEMENTATIONS = YES;
				CLANG_WARN_DIRECT_OBJC_ISA_USAGE = YES_ERROR;
				CLANG_WARN_DOCUMENTATION_COMMENTS = YES;
				CLANG_WARN_EMPTY_BODY = YES;
				CLANG_WARN_ENUM_CONVERSION = YES;
				CLANG_WARN_INFINITE_RECURSION = YES;
				CLANG_WARN_INT_CONVERSION = YES;
				CLANG_WARN_NON_LITERAL_NULL_CONVERSION = YES;
				CLANG_WARN_OBJC_IMPLICIT_RETAIN_SELF = YES;
				CLANG_WARN_OBJC_LITERAL_CONVERSION = YES;
				CLANG_WARN_OBJC_ROOT_CLASS = YES_ERROR;
				CLANG_WARN_RANGE_LOOP_ANALYSIS = YES;
				CLANG_WARN_STRICT_PROTOTYPES = YES;
				CLANG_WARN_SUSPICIOUS_MOVE = YES;
				CLANG_WARN_UNGUARDED_AVAILABILITY = YES_AGGRESSIVE;
				CLANG_WARN_UNREACHABLE_CODE = YES;
				CLANG_WARN__DUPLICATE_METHOD_MATCH = YES;
				CODE_SIGN_IDENTITY = "iPhone Developer";
				COPY_PHASE_STRIP = NO;
				DEBUG_INFORMATION_FORMAT = "dwarf-with-dsym";
				ENABLE_NS_ASSERTIONS = NO;
				ENABLE_STRICT_OBJC_MSGSEND = YES;
				GCC_C_LANGUAGE_STANDARD = gnu11;
				GCC_NO_COMMON_BLOCKS = YES;
				GCC_WARN_64_TO_32_BIT_CONVERSION = YES;
				GCC_WARN_ABOUT_RETURN_TYPE = YES_ERROR;
				GCC_WARN_UNDECLARED_SELECTOR = YES;
				GCC_WARN_UNINITIALIZED_AUTOS = YES_AGGRESSIVE;
				GCC_WARN_UNUSED_FUNCTION = YES;
				GCC_WARN_UNUSED_VARIABLE = YES;
				IPHONEOS_DEPLOYMENT_TARGET = 12.1;
				MTL_ENABLE_DEBUG_INFO = NO;
				MTL_FAST_MATH = YES;
				SDKROOT = iphoneos;
				SWIFT_COMPILATION_MODE = wholemodule;
				SWIFT_OPTIMIZATION_LEVEL = "-O";
				VALIDATE_PRODUCT = YES;
			};
			name = Release;
		};
		084789582239D45700739960 /* Debug */ = {
			isa = XCBuildConfiguration;
			baseConfigurationReference = 1A3CD0BF059465E6B849B5A0 /* Pods-TracerDemo.debug.xcconfig */;
			buildSettings = {
				ASSETCATALOG_COMPILER_APPICON_NAME = AppIcon;
				CODE_SIGN_STYLE = Automatic;
				INFOPLIST_FILE = Tracer/Info.plist;
				LD_RUNPATH_SEARCH_PATHS = (
					"$(inherited)",
					"@executable_path/Frameworks",
				);
				PRODUCT_BUNDLE_IDENTIFIER = ly.jamie.Tracer;
				PRODUCT_NAME = "$(TARGET_NAME)";
				SWIFT_VERSION = 4.2;
				TARGETED_DEVICE_FAMILY = "1,2";
			};
			name = Debug;
		};
		084789592239D45700739960 /* Release */ = {
			isa = XCBuildConfiguration;
			baseConfigurationReference = B46867CA9AE43BBCD15975E6 /* Pods-TracerDemo.release.xcconfig */;
			buildSettings = {
				ASSETCATALOG_COMPILER_APPICON_NAME = AppIcon;
				CODE_SIGN_STYLE = Automatic;
				INFOPLIST_FILE = Tracer/Info.plist;
				LD_RUNPATH_SEARCH_PATHS = (
					"$(inherited)",
					"@executable_path/Frameworks",
				);
				PRODUCT_BUNDLE_IDENTIFIER = ly.jamie.Tracer;
				PRODUCT_NAME = "$(TARGET_NAME)";
				SWIFT_VERSION = 4.2;
				TARGETED_DEVICE_FAMILY = "1,2";
			};
			name = Release;
		};
		0847895E2239D45700739960 /* Debug */ = {
			isa = XCBuildConfiguration;
			baseConfigurationReference = 9D9491845B487698D0B3ED82 /* Pods-TracerDemoUITests.debug.xcconfig */;
			buildSettings = {
				ALWAYS_EMBED_SWIFT_STANDARD_LIBRARIES = YES;
				CODE_SIGN_STYLE = Automatic;
				INFOPLIST_FILE = TracerUITests/Info.plist;
				LD_RUNPATH_SEARCH_PATHS = (
					"$(inherited)",
					"@executable_path/Frameworks",
					"@loader_path/Frameworks",
				);
				PRODUCT_BUNDLE_IDENTIFIER = ly.jamie.TracerUITests;
				PRODUCT_NAME = "$(TARGET_NAME)";
				SWIFT_VERSION = 4.2;
				TARGETED_DEVICE_FAMILY = "1,2";
				TEST_TARGET_NAME = Tracer;
			};
			name = Debug;
		};
		0847895F2239D45700739960 /* Release */ = {
			isa = XCBuildConfiguration;
			baseConfigurationReference = 156DEB7F8DC102B31C665C09 /* Pods-TracerDemoUITests.release.xcconfig */;
			buildSettings = {
				ALWAYS_EMBED_SWIFT_STANDARD_LIBRARIES = YES;
				CODE_SIGN_STYLE = Automatic;
				INFOPLIST_FILE = TracerUITests/Info.plist;
				LD_RUNPATH_SEARCH_PATHS = (
					"$(inherited)",
					"@executable_path/Frameworks",
					"@loader_path/Frameworks",
				);
				PRODUCT_BUNDLE_IDENTIFIER = ly.jamie.TracerUITests;
				PRODUCT_NAME = "$(TARGET_NAME)";
				SWIFT_VERSION = 4.2;
				TARGETED_DEVICE_FAMILY = "1,2";
				TEST_TARGET_NAME = Tracer;
			};
			name = Release;
		};
/* End XCBuildConfiguration section */

/* Begin XCConfigurationList section */
		0847892A2239D45500739960 /* Build configuration list for PBXProject "TracerDemo" */ = {
			isa = XCConfigurationList;
			buildConfigurations = (
				084789552239D45700739960 /* Debug */,
				084789562239D45700739960 /* Release */,
			);
			defaultConfigurationIsVisible = 0;
			defaultConfigurationName = Release;
		};
		084789572239D45700739960 /* Build configuration list for PBXNativeTarget "TracerDemo" */ = {
			isa = XCConfigurationList;
			buildConfigurations = (
				084789582239D45700739960 /* Debug */,
				084789592239D45700739960 /* Release */,
			);
			defaultConfigurationIsVisible = 0;
			defaultConfigurationName = Release;
		};
		0847895D2239D45700739960 /* Build configuration list for PBXNativeTarget "TracerDemoUITests" */ = {
			isa = XCConfigurationList;
			buildConfigurations = (
				0847895E2239D45700739960 /* Debug */,
				0847895F2239D45700739960 /* Release */,
			);
			defaultConfigurationIsVisible = 0;
			defaultConfigurationName = Release;
		};
/* End XCConfigurationList section */
	};
	rootObject = 084789272239D45500739960 /* Project object */;
}
